
Microsoft Visual Studio Solution File, Format Version 12.00
# Visual Studio 15
VisualStudioVersion = 15.0.28307.1022
MinimumVisualStudioVersion = 10.0.40219.1
Project("{FAE04EC0-301F-11D3-BF4B-00C04F79EFBC}") = "RTSP_Windows", "RTSP_Windows\RTSP_Windows.csproj", "{B198D9AB-D262-44AA-9D96-B41B8032A9CA}"
EndProject
Global
	GlobalSection(SolutionConfigurationPlatforms) = preSolution
		Debug|Any CPU = Debug|Any CPU
		Release|Any CPU = Release|Any CPU
	EndGlobalSection
	GlobalSection(ProjectConfigurationPlatforms) = postSolution
		{B198D9AB-D262-44AA-9D96-B41B8032A9CA}.Debug|Any CPU.ActiveCfg = Debug|Any CPU
		{B198D9AB-D262-44AA-9D96-B41B8032A9CA}.Debug|Any CPU.Build.0 = Debug|Any CPU
		{B198D9AB-D262-44AA-9D96-B41B8032A9CA}.Release|Any CPU.ActiveCfg = Release|Any CPU
		{B198D9AB-D262-44AA-9D96-B41B8032A9CA}.Release|Any CPU.Build.0 = Release|Any CPU
	EndGlobalSection
	GlobalSection(SolutionProperties) = preSolution
		HideSolutionNode = FALSE
	EndGlobalSection
	GlobalSection(ExtensibilityGlobals) = postSolution
		SolutionGuid = {BB8C29AF-9C1F-4C92-BA10-DE1D60D8F7C6}
	EndGlobalSection
EndGlobal
